# This file was autogenerated by Stack.
# You should not edit this file by hand.
# For more information, please see the documentation at:
#   https://docs.haskellstack.org/en/stable/lock_files

packages: []
snapshots:
- completed:
    sha256: f5d3c5c93b456d34be5809bc113f9e2d7401c44ca2f9b19cdeb3f9db6ca7c444
    size: 695109
    url: https://raw.githubusercontent.com/commercialhaskell/stackage-snapshots/master/nightly/2023/10/16.yaml
  original: nightly-2023-10-16
