# This file was autogenerated by Stack.
# You should not edit this file by hand.
# For more information, please see the documentation at:
#   https://docs.haskellstack.org/en/stable/lock_files

packages:
- completed:
    hackage: data-fix-0.3.2@sha256:cd7d6ff8b68aca3b51d8116870fc8ccdbc557989562cd3d5c941e4f0b7bc5af1,1734
    pantry-tree:
      sha256: 39ea2bb3ace2b61bf72e7df77948f7fccc67c70d12a11e35dd20744eec5dd0bf
      size: 262
  original:
    hackage: data-fix-0.3.2
- completed:
    hackage: hashable-1.4.3.0@sha256:f3bf68acfa0df7a064a378ef2cdcfeb55e6fb96100675f4c593556dcbf3d7194,4718
    pantry-tree:
      sha256: abef0611d6a717ba351317bdb603ef536659e7767a49ba81b2dbe20994065c7d
      size: 1248
  original:
    hackage: hashable-1.4.3.0
- completed:
    hackage: semialign-1.3@sha256:7be9ef5ca1d6b052991f68c053aab68b9d1ab3b1938c9557ac84c97937815223,2888
    pantry-tree:
      sha256: e5daa7e0023dabb1b21a04bf084364b94e45e81b380e950b90f51294a1990b87
      size: 537
  original:
    hackage: semialign-1.3
- completed:
    hackage: text-short-0.1.5@sha256:9c73c9c9182ca69ee92ce3758f515b1c078cd167d882ccc8c46f92f68c65e190,3216
    pantry-tree:
      sha256: d3dcfee9029cd3624a788a0e65f0dea588ae0446a8a75a27d6b6164b8ee0fd57
      size: 727
  original:
    hackage: text-short-0.1.5
- completed:
    hackage: these-1.2@sha256:011e22f6891ca028f87c04ea48796696c92d593313a9c699f7ff4f9ffd7aec6e,2882
    pantry-tree:
      sha256: 37483703ce7326c07608b06f2f741fb0f708cb06bd10ec57d87108d068046b05
      size: 351
  original:
    hackage: these-1.2
snapshots:
- completed:
    sha256: 417fa04a2ed8916cdae74c475ff97ac80857fed5000f19dce4f9564b5e635294
    size: 720000
    url: https://raw.githubusercontent.com/commercialhaskell/stackage-snapshots/master/lts/22/32.yaml
  original: lts-22.32
