# This file was autogenerated by Stack.
# You should not edit this file by hand.
# For more information, please see the documentation at:
#   https://docs.haskellstack.org/en/stable/lock_files

packages:
- completed:
    hackage: directory-1.3.8.5@sha256:fbeec9ec346e5272167f63dcb86af513b457a7b9fc36dc818e4c7b81608d612b,3166
    pantry-tree:
      sha256: d11130a0ca9e7c8720ed1ceef4e2f0d9be4b446e67e7d15d634763a5c952877e
      size: 3519
  original:
    hackage: directory-1.3.8.5@sha256:fbeec9ec346e5272167f63dcb86af513b457a7b9fc36dc818e4c7b81608d612b,3166
- completed:
    hackage: filepath-1.5.3.0@sha256:0c64bc9a4f5946c86a8f0527bf40c8ba51e2c02d36eea0e20ea558c8d94166e8,4945
    pantry-tree:
      sha256: a5feb33f17ff131a5bba009abae35761594d62ba6873b2f70992a48db160c9b7
      size: 2274
  original:
    hackage: filepath-1.5.3.0@sha256:0c64bc9a4f5946c86a8f0527bf40c8ba51e2c02d36eea0e20ea558c8d94166e8,4945
- completed:
    hackage: process-1.6.20.0@sha256:2a9393de33f18415fb8f4826957a87a94ffe8840ca8472a9b69dca6de45aca03,2790
    pantry-tree:
      sha256: 14d1e9a5ec731766e43c7eb9c2dc59a7da48d98d43374d9d83e725d8891c6173
      size: 1789
  original:
    hackage: process-1.6.20.0@sha256:2a9393de33f18415fb8f4826957a87a94ffe8840ca8472a9b69dca6de45aca03,2790
- completed:
    hackage: unix-2.8.5.1@sha256:3f702a252a313a7bcb56e3908a14e7f9f1b40e41b7bdc8ae8a9605a1a8686f06,9808
    pantry-tree:
      sha256: b961320db69795a16c4ef4eebb0a3e7ddbbbe506fa1e22dde95ee8d8501bfbe5
      size: 5821
  original:
    hackage: unix-2.8.5.1@sha256:3f702a252a313a7bcb56e3908a14e7f9f1b40e41b7bdc8ae8a9605a1a8686f06,9808
snapshots:
- completed:
    sha256: 417fa04a2ed8916cdae74c475ff97ac80857fed5000f19dce4f9564b5e635294
    size: 720000
    url: https://raw.githubusercontent.com/commercialhaskell/stackage-snapshots/master/lts/22/32.yaml
  original: lts-22.32
